
Microsoft Visual Studio Solution File, Format Version 12.00
# Visual Studio Version 16
VisualStudioVersion = 16.0.31702.278
MinimumVisualStudioVersion = 10.0.40219.1
Project("{9A19103F-16F7-4668-BE54-9A1E7A4F7556}") = "loginTest", "loginTest\loginTest.csproj", "{A57328DD-4CAC-42EB-BA1A-3F510C4EECA0}"
EndProject
Global
	GlobalSection(SolutionConfigurationPlatforms) = preSolution
		Debug|Any CPU = Debug|Any CPU
		Release|Any CPU = Release|Any CPU
	EndGlobalSection
	GlobalSection(ProjectConfigurationPlatforms) = postSolution
		{A57328DD-4CAC-42EB-BA1A-3F510C4EECA0}.Debug|Any CPU.ActiveCfg = Debug|Any CPU
		{A57328DD-4CAC-42EB-BA1A-3F510C4EECA0}.Debug|Any CPU.Build.0 = Debug|Any CPU
		{A57328DD-4CAC-42EB-BA1A-3F510C4EECA0}.Release|Any CPU.ActiveCfg = Release|Any CPU
		{A57328DD-4CAC-42EB-BA1A-3F510C4EECA0}.Release|Any CPU.Build.0 = Release|Any CPU
	EndGlobalSection
	GlobalSection(SolutionProperties) = preSolution
		HideSolutionNode = FALSE
	EndGlobalSection
	GlobalSection(ExtensibilityGlobals) = postSolution
		SolutionGuid = {801A9689-E57B-4659-9F39-B51E6E65C2E6}
	EndGlobalSection
EndGlobal
